
Microsoft Visual Studio Solution File, Format Version 12.00
# Visual Studio Version 16
VisualStudioVersion = 16.0.31205.134
MinimumVisualStudioVersion = 10.0.40219.1
Project("{FAE04EC0-301F-11D3-BF4B-00C04F79EFBC}") = "TrouveTaPizza", "TrouveTaPizza\TrouveTaPizza.csproj", "{E918914C-6F05-48A0-B857-815759F2C714}"
EndProject
Project("{FAE04EC0-301F-11D3-BF4B-00C04F79EFBC}") = "PizzaClassLibrary", "PizzaClassLibrary\PizzaClassLibrary.csproj", "{0B3AAD49-470D-41E1-962D-1D4191FE564D}"
EndProject
Project("{FAE04EC0-301F-11D3-BF4B-00C04F79EFBC}") = "Module5-tp2", "Module5-tp2\Module5-tp2.csproj", "{06FD4A45-A74B-444A-846E-BC323F807620}"
EndProject
Project("{FAE04EC0-301F-11D3-BF4B-00C04F79EFBC}") = "tp6", "tp6\tp6.csproj", "{5576A78A-86D9-410D-9560-D52F584E73F8}"
EndProject
Project("{FAE04EC0-301F-11D3-BF4B-00C04F79EFBC}") = "DojoClassLibrary", "DojoClassLibrary\DojoClassLibrary.csproj", "{D097D974-89A0-41EB-9E09-AEF9C4E52E18}"
EndProject
Global
	GlobalSection(SolutionConfigurationPlatforms) = preSolution
		Debug|Any CPU = Debug|Any CPU
		Release|Any CPU = Release|Any CPU
	EndGlobalSection
	GlobalSection(ProjectConfigurationPlatforms) = postSolution
		{E918914C-6F05-48A0-B857-815759F2C714}.Debug|Any CPU.ActiveCfg = Debug|Any CPU
		{E918914C-6F05-48A0-B857-815759F2C714}.Debug|Any CPU.Build.0 = Debug|Any CPU
		{E918914C-6F05-48A0-B857-815759F2C714}.Release|Any CPU.ActiveCfg = Release|Any CPU
		{E918914C-6F05-48A0-B857-815759F2C714}.Release|Any CPU.Build.0 = Release|Any CPU
		{0B3AAD49-470D-41E1-962D-1D4191FE564D}.Debug|Any CPU.ActiveCfg = Debug|Any CPU
		{0B3AAD49-470D-41E1-962D-1D4191FE564D}.Debug|Any CPU.Build.0 = Debug|Any CPU
		{0B3AAD49-470D-41E1-962D-1D4191FE564D}.Release|Any CPU.ActiveCfg = Release|Any CPU
		{0B3AAD49-470D-41E1-962D-1D4191FE564D}.Release|Any CPU.Build.0 = Release|Any CPU
		{06FD4A45-A74B-444A-846E-BC323F807620}.Debug|Any CPU.ActiveCfg = Debug|Any CPU
		{06FD4A45-A74B-444A-846E-BC323F807620}.Debug|Any CPU.Build.0 = Debug|Any CPU
		{06FD4A45-A74B-444A-846E-BC323F807620}.Release|Any CPU.ActiveCfg = Release|Any CPU
		{06FD4A45-A74B-444A-846E-BC323F807620}.Release|Any CPU.Build.0 = Release|Any CPU
		{5576A78A-86D9-410D-9560-D52F584E73F8}.Debug|Any CPU.ActiveCfg = Debug|Any CPU
		{5576A78A-86D9-410D-9560-D52F584E73F8}.Debug|Any CPU.Build.0 = Debug|Any CPU
		{5576A78A-86D9-410D-9560-D52F584E73F8}.Release|Any CPU.ActiveCfg = Release|Any CPU
		{5576A78A-86D9-410D-9560-D52F584E73F8}.Release|Any CPU.Build.0 = Release|Any CPU
		{D097D974-89A0-41EB-9E09-AEF9C4E52E18}.Debug|Any CPU.ActiveCfg = Debug|Any CPU
		{D097D974-89A0-41EB-9E09-AEF9C4E52E18}.Debug|Any CPU.Build.0 = Debug|Any CPU
		{D097D974-89A0-41EB-9E09-AEF9C4E52E18}.Release|Any CPU.ActiveCfg = Release|Any CPU
		{D097D974-89A0-41EB-9E09-AEF9C4E52E18}.Release|Any CPU.Build.0 = Release|Any CPU
	EndGlobalSection
	GlobalSection(SolutionProperties) = preSolution
		HideSolutionNode = FALSE
	EndGlobalSection
	GlobalSection(ExtensibilityGlobals) = postSolution
		SolutionGuid = {C60BDB4E-BF32-4AD2-A65D-E92760D9C749}
	EndGlobalSection
EndGlobal
